
Microsoft Visual Studio Solution File, Format Version 12.00
Project("{FAE04EC0-301F-11D3-BF4B-00C04F79EFBC}") = "M03-01", "M03-01\M03-01.csproj", "{47DC768F-20B4-4760-BC6A-D9496C7161B0}"
EndProject
Project("{FAE04EC0-301F-11D3-BF4B-00C04F79EFBC}") = "M03-02", "M03-02\M03-02.csproj", "{F673CAAD-E6FC-48FB-972E-332DB801AA89}"
EndProject
Project("{FAE04EC0-301F-11D3-BF4B-00C04F79EFBC}") = "M03-03", "M03-03\M03-03.csproj", "{931CF63D-F8FF-4B32-8C05-156123E7DAD5}"
EndProject
Project("{FAE04EC0-301F-11D3-BF4B-00C04F79EFBC}") = "M03-04", "M03-04\M03-04.csproj", "{D37B0CA4-9F87-4A2B-A96C-26057D91435F}"
EndProject
Project("{FAE04EC0-301F-11D3-BF4B-00C04F79EFBC}") = "M03-05", "M03-05\M03-05.csproj", "{D5247B04-78EA-46A6-B51B-272E1191D637}"
EndProject
Project("{FAE04EC0-301F-11D3-BF4B-00C04F79EFBC}") = "M03-06", "M03-06\M03-06.csproj", "{AD7CC228-7CE0-4CC4-AD28-49A482DF9BD1}"
EndProject
Project("{FAE04EC0-301F-11D3-BF4B-00C04F79EFBC}") = "M03-07", "M03-07\M03-07.csproj", "{3D86107E-0856-47C2-9387-8D68CB58C184}"
EndProject
Project("{FAE04EC0-301F-11D3-BF4B-00C04F79EFBC}") = "M03-08", "M03-08\M03-08.csproj", "{1EBCA4CD-FE4F-4A9F-970E-8C8D100E57CE}"
EndProject
Project("{FAE04EC0-301F-11D3-BF4B-00C04F79EFBC}") = "M03-09", "M03-09\M03-09.csproj", "{33895289-0890-45A7-A994-6CB43B7BABA6}"
EndProject
Project("{FAE04EC0-301F-11D3-BF4B-00C04F79EFBC}") = "M03-10", "M03-10\M03-10.csproj", "{B35B836D-8716-4D2E-BC95-F7C54F380D01}"
EndProject
Global
	GlobalSection(SolutionConfigurationPlatforms) = preSolution
		Debug|Any CPU = Debug|Any CPU
		Release|Any CPU = Release|Any CPU
	EndGlobalSection
	GlobalSection(ProjectConfigurationPlatforms) = postSolution
		{47DC768F-20B4-4760-BC6A-D9496C7161B0}.Debug|Any CPU.ActiveCfg = Debug|Any CPU
		{47DC768F-20B4-4760-BC6A-D9496C7161B0}.Debug|Any CPU.Build.0 = Debug|Any CPU
		{47DC768F-20B4-4760-BC6A-D9496C7161B0}.Release|Any CPU.ActiveCfg = Release|Any CPU
		{47DC768F-20B4-4760-BC6A-D9496C7161B0}.Release|Any CPU.Build.0 = Release|Any CPU
		{F673CAAD-E6FC-48FB-972E-332DB801AA89}.Debug|Any CPU.ActiveCfg = Debug|Any CPU
		{F673CAAD-E6FC-48FB-972E-332DB801AA89}.Debug|Any CPU.Build.0 = Debug|Any CPU
		{F673CAAD-E6FC-48FB-972E-332DB801AA89}.Release|Any CPU.ActiveCfg = Release|Any CPU
		{F673CAAD-E6FC-48FB-972E-332DB801AA89}.Release|Any CPU.Build.0 = Release|Any CPU
		{931CF63D-F8FF-4B32-8C05-156123E7DAD5}.Debug|Any CPU.ActiveCfg = Debug|Any CPU
		{931CF63D-F8FF-4B32-8C05-156123E7DAD5}.Debug|Any CPU.Build.0 = Debug|Any CPU
		{931CF63D-F8FF-4B32-8C05-156123E7DAD5}.Release|Any CPU.ActiveCfg = Release|Any CPU
		{931CF63D-F8FF-4B32-8C05-156123E7DAD5}.Release|Any CPU.Build.0 = Release|Any CPU
		{D37B0CA4-9F87-4A2B-A96C-26057D91435F}.Debug|Any CPU.ActiveCfg = Debug|Any CPU
		{D37B0CA4-9F87-4A2B-A96C-26057D91435F}.Debug|Any CPU.Build.0 = Debug|Any CPU
		{D37B0CA4-9F87-4A2B-A96C-26057D91435F}.Release|Any CPU.ActiveCfg = Release|Any CPU
		{D37B0CA4-9F87-4A2B-A96C-26057D91435F}.Release|Any CPU.Build.0 = Release|Any CPU
		{D5247B04-78EA-46A6-B51B-272E1191D637}.Debug|Any CPU.ActiveCfg = Debug|Any CPU
		{D5247B04-78EA-46A6-B51B-272E1191D637}.Debug|Any CPU.Build.0 = Debug|Any CPU
		{D5247B04-78EA-46A6-B51B-272E1191D637}.Release|Any CPU.ActiveCfg = Release|Any CPU
		{D5247B04-78EA-46A6-B51B-272E1191D637}.Release|Any CPU.Build.0 = Release|Any CPU
		{AD7CC228-7CE0-4CC4-AD28-49A482DF9BD1}.Debug|Any CPU.ActiveCfg = Debug|Any CPU
		{AD7CC228-7CE0-4CC4-AD28-49A482DF9BD1}.Debug|Any CPU.Build.0 = Debug|Any CPU
		{AD7CC228-7CE0-4CC4-AD28-49A482DF9BD1}.Release|Any CPU.ActiveCfg = Release|Any CPU
		{AD7CC228-7CE0-4CC4-AD28-49A482DF9BD1}.Release|Any CPU.Build.0 = Release|Any CPU
		{3D86107E-0856-47C2-9387-8D68CB58C184}.Debug|Any CPU.ActiveCfg = Debug|Any CPU
		{3D86107E-0856-47C2-9387-8D68CB58C184}.Debug|Any CPU.Build.0 = Debug|Any CPU
		{3D86107E-0856-47C2-9387-8D68CB58C184}.Release|Any CPU.ActiveCfg = Release|Any CPU
		{3D86107E-0856-47C2-9387-8D68CB58C184}.Release|Any CPU.Build.0 = Release|Any CPU
		{1EBCA4CD-FE4F-4A9F-970E-8C8D100E57CE}.Debug|Any CPU.ActiveCfg = Debug|Any CPU
		{1EBCA4CD-FE4F-4A9F-970E-8C8D100E57CE}.Debug|Any CPU.Build.0 = Debug|Any CPU
		{1EBCA4CD-FE4F-4A9F-970E-8C8D100E57CE}.Release|Any CPU.ActiveCfg = Release|Any CPU
		{1EBCA4CD-FE4F-4A9F-970E-8C8D100E57CE}.Release|Any CPU.Build.0 = Release|Any CPU
		{33895289-0890-45A7-A994-6CB43B7BABA6}.Debug|Any CPU.ActiveCfg = Debug|Any CPU
		{33895289-0890-45A7-A994-6CB43B7BABA6}.Debug|Any CPU.Build.0 = Debug|Any CPU
		{33895289-0890-45A7-A994-6CB43B7BABA6}.Release|Any CPU.ActiveCfg = Release|Any CPU
		{33895289-0890-45A7-A994-6CB43B7BABA6}.Release|Any CPU.Build.0 = Release|Any CPU
		{B35B836D-8716-4D2E-BC95-F7C54F380D01}.Debug|Any CPU.ActiveCfg = Debug|Any CPU
		{B35B836D-8716-4D2E-BC95-F7C54F380D01}.Debug|Any CPU.Build.0 = Debug|Any CPU
		{B35B836D-8716-4D2E-BC95-F7C54F380D01}.Release|Any CPU.ActiveCfg = Release|Any CPU
		{B35B836D-8716-4D2E-BC95-F7C54F380D01}.Release|Any CPU.Build.0 = Release|Any CPU
	EndGlobalSection
EndGlobal
