Microsoft Visual Studio Solution File, Format Version 12.00
# Visual Studio 15
VisualStudioVersion = 15.0.27130.2020
MinimumVisualStudioVersion = 15.0.26124.0
Project("{9A19103F-16F7-4668-BE54-9A1E7A4F7556}") = "04-01", "04-01\04-01.csproj", "{30992301-EDB1-4847-B589-F25CCFC448A0}"
EndProject
Project("{9A19103F-16F7-4668-BE54-9A1E7A4F7556}") = "04-02", "04-02\04-02.csproj", "{E0013B2B-70CA-4A87-B637-7A3EAF8438C2}"
EndProject
Project("{9A19103F-16F7-4668-BE54-9A1E7A4F7556}") = "04-03", "04-03\04-03.csproj", "{ED4E6A4B-3279-44B2-B6CC-D7A5577C15DA}"
EndProject
Project("{9A19103F-16F7-4668-BE54-9A1E7A4F7556}") = "04-04", "04-04\04-04.csproj", "{739B59C4-DE15-490B-A17C-2F4AEE7945E3}"
EndProject
Project("{9A19103F-16F7-4668-BE54-9A1E7A4F7556}") = "04-05", "04-05\04-05.csproj", "{C283E3BE-B185-4033-A054-8C472BB89294}"
EndProject
Project("{FAE04EC0-301F-11D3-BF4B-00C04F79EFBC}") = "04-06", "04-06\04-06.csproj", "{2D21CACC-AD8B-45A7-B669-4245D84BF69B}"
EndProject
Project("{FAE04EC0-301F-11D3-BF4B-00C04F79EFBC}") = "04-07", "04-07\04-07.csproj", "{2A315767-F798-48E2-BA21-BEBAA53A0464}"
EndProject
Project("{FAE04EC0-301F-11D3-BF4B-00C04F79EFBC}") = "04-08", "04-08\04-08.csproj", "{2318B4A5-DFE9-48E3-89E2-5FCA9DBD149F}"
EndProject
Project("{FAE04EC0-301F-11D3-BF4B-00C04F79EFBC}") = "04-09", "04-09\04-09.csproj", "{92C9EFEF-7A9E-42B1-B38B-065A65BF7871}"
EndProject
Project("{FAE04EC0-301F-11D3-BF4B-00C04F79EFBC}") = "04-10", "04-10\04-10.csproj", "{884672E7-13A4-4390-A0C4-5A47C929C806}"
EndProject
Project("{FAE04EC0-301F-11D3-BF4B-00C04F79EFBC}") = "04-11", "04-11\04-11.csproj", "{114A4438-C6A5-41C6-99B1-00884BB03426}"
EndProject
Project("{FAE04EC0-301F-11D3-BF4B-00C04F79EFBC}") = "04-12", "04-12\04-12.csproj", "{7A54F522-D9D9-45F4-87CA-F160B656DAD1}"
EndProject
Global
	GlobalSection(SolutionConfigurationPlatforms) = preSolution
		Debug|Any CPU = Debug|Any CPU
		Debug|x64 = Debug|x64
		Debug|x86 = Debug|x86
		Release|Any CPU = Release|Any CPU
		Release|x64 = Release|x64
		Release|x86 = Release|x86
	EndGlobalSection
	GlobalSection(ProjectConfigurationPlatforms) = postSolution
		{30992301-EDB1-4847-B589-F25CCFC448A0}.Debug|Any CPU.ActiveCfg = Debug|Any CPU
		{30992301-EDB1-4847-B589-F25CCFC448A0}.Debug|Any CPU.Build.0 = Debug|Any CPU
		{30992301-EDB1-4847-B589-F25CCFC448A0}.Debug|x64.ActiveCfg = Debug|Any CPU
		{30992301-EDB1-4847-B589-F25CCFC448A0}.Debug|x64.Build.0 = Debug|Any CPU
		{30992301-EDB1-4847-B589-F25CCFC448A0}.Debug|x86.ActiveCfg = Debug|Any CPU
		{30992301-EDB1-4847-B589-F25CCFC448A0}.Debug|x86.Build.0 = Debug|Any CPU
		{30992301-EDB1-4847-B589-F25CCFC448A0}.Release|Any CPU.ActiveCfg = Release|Any CPU
		{30992301-EDB1-4847-B589-F25CCFC448A0}.Release|Any CPU.Build.0 = Release|Any CPU
		{30992301-EDB1-4847-B589-F25CCFC448A0}.Release|x64.ActiveCfg = Release|Any CPU
		{30992301-EDB1-4847-B589-F25CCFC448A0}.Release|x64.Build.0 = Release|Any CPU
		{30992301-EDB1-4847-B589-F25CCFC448A0}.Release|x86.ActiveCfg = Release|Any CPU
		{30992301-EDB1-4847-B589-F25CCFC448A0}.Release|x86.Build.0 = Release|Any CPU
		{E0013B2B-70CA-4A87-B637-7A3EAF8438C2}.Debug|Any CPU.ActiveCfg = Debug|Any CPU
		{E0013B2B-70CA-4A87-B637-7A3EAF8438C2}.Debug|Any CPU.Build.0 = Debug|Any CPU
		{E0013B2B-70CA-4A87-B637-7A3EAF8438C2}.Debug|x64.ActiveCfg = Debug|Any CPU
		{E0013B2B-70CA-4A87-B637-7A3EAF8438C2}.Debug|x64.Build.0 = Debug|Any CPU
		{E0013B2B-70CA-4A87-B637-7A3EAF8438C2}.Debug|x86.ActiveCfg = Debug|Any CPU
		{E0013B2B-70CA-4A87-B637-7A3EAF8438C2}.Debug|x86.Build.0 = Debug|Any CPU
		{E0013B2B-70CA-4A87-B637-7A3EAF8438C2}.Release|Any CPU.ActiveCfg = Release|Any CPU
		{E0013B2B-70CA-4A87-B637-7A3EAF8438C2}.Release|Any CPU.Build.0 = Release|Any CPU
		{E0013B2B-70CA-4A87-B637-7A3EAF8438C2}.Release|x64.ActiveCfg = Release|Any CPU
		{E0013B2B-70CA-4A87-B637-7A3EAF8438C2}.Release|x64.Build.0 = Release|Any CPU
		{E0013B2B-70CA-4A87-B637-7A3EAF8438C2}.Release|x86.ActiveCfg = Release|Any CPU
		{E0013B2B-70CA-4A87-B637-7A3EAF8438C2}.Release|x86.Build.0 = Release|Any CPU
		{ED4E6A4B-3279-44B2-B6CC-D7A5577C15DA}.Debug|Any CPU.ActiveCfg = Debug|Any CPU
		{ED4E6A4B-3279-44B2-B6CC-D7A5577C15DA}.Debug|Any CPU.Build.0 = Debug|Any CPU
		{ED4E6A4B-3279-44B2-B6CC-D7A5577C15DA}.Debug|x64.ActiveCfg = Debug|Any CPU
		{ED4E6A4B-3279-44B2-B6CC-D7A5577C15DA}.Debug|x64.Build.0 = Debug|Any CPU
		{ED4E6A4B-3279-44B2-B6CC-D7A5577C15DA}.Debug|x86.ActiveCfg = Debug|Any CPU
		{ED4E6A4B-3279-44B2-B6CC-D7A5577C15DA}.Debug|x86.Build.0 = Debug|Any CPU
		{ED4E6A4B-3279-44B2-B6CC-D7A5577C15DA}.Release|Any CPU.ActiveCfg = Release|Any CPU
		{ED4E6A4B-3279-44B2-B6CC-D7A5577C15DA}.Release|Any CPU.Build.0 = Release|Any CPU
		{ED4E6A4B-3279-44B2-B6CC-D7A5577C15DA}.Release|x64.ActiveCfg = Release|Any CPU
		{ED4E6A4B-3279-44B2-B6CC-D7A5577C15DA}.Release|x64.Build.0 = Release|Any CPU
		{ED4E6A4B-3279-44B2-B6CC-D7A5577C15DA}.Release|x86.ActiveCfg = Release|Any CPU
		{ED4E6A4B-3279-44B2-B6CC-D7A5577C15DA}.Release|x86.Build.0 = Release|Any CPU
		{739B59C4-DE15-490B-A17C-2F4AEE7945E3}.Debug|Any CPU.ActiveCfg = Debug|Any CPU
		{739B59C4-DE15-490B-A17C-2F4AEE7945E3}.Debug|Any CPU.Build.0 = Debug|Any CPU
		{739B59C4-DE15-490B-A17C-2F4AEE7945E3}.Debug|x64.ActiveCfg = Debug|Any CPU
		{739B59C4-DE15-490B-A17C-2F4AEE7945E3}.Debug|x64.Build.0 = Debug|Any CPU
		{739B59C4-DE15-490B-A17C-2F4AEE7945E3}.Debug|x86.ActiveCfg = Debug|Any CPU
		{739B59C4-DE15-490B-A17C-2F4AEE7945E3}.Debug|x86.Build.0 = Debug|Any CPU
		{739B59C4-DE15-490B-A17C-2F4AEE7945E3}.Release|Any CPU.ActiveCfg = Release|Any CPU
		{739B59C4-DE15-490B-A17C-2F4AEE7945E3}.Release|Any CPU.Build.0 = Release|Any CPU
		{739B59C4-DE15-490B-A17C-2F4AEE7945E3}.Release|x64.ActiveCfg = Release|Any CPU
		{739B59C4-DE15-490B-A17C-2F4AEE7945E3}.Release|x64.Build.0 = Release|Any CPU
		{739B59C4-DE15-490B-A17C-2F4AEE7945E3}.Release|x86.ActiveCfg = Release|Any CPU
		{739B59C4-DE15-490B-A17C-2F4AEE7945E3}.Release|x86.Build.0 = Release|Any CPU
		{C283E3BE-B185-4033-A054-8C472BB89294}.Debug|Any CPU.ActiveCfg = Debug|Any CPU
		{C283E3BE-B185-4033-A054-8C472BB89294}.Debug|Any CPU.Build.0 = Debug|Any CPU
		{C283E3BE-B185-4033-A054-8C472BB89294}.Debug|x64.ActiveCfg = Debug|Any CPU
		{C283E3BE-B185-4033-A054-8C472BB89294}.Debug|x64.Build.0 = Debug|Any CPU
		{C283E3BE-B185-4033-A054-8C472BB89294}.Debug|x86.ActiveCfg = Debug|Any CPU
		{C283E3BE-B185-4033-A054-8C472BB89294}.Debug|x86.Build.0 = Debug|Any CPU
		{C283E3BE-B185-4033-A054-8C472BB89294}.Release|Any CPU.ActiveCfg = Release|Any CPU
		{C283E3BE-B185-4033-A054-8C472BB89294}.Release|Any CPU.Build.0 = Release|Any CPU
		{C283E3BE-B185-4033-A054-8C472BB89294}.Release|x64.ActiveCfg = Release|Any CPU
		{C283E3BE-B185-4033-A054-8C472BB89294}.Release|x64.Build.0 = Release|Any CPU
		{C283E3BE-B185-4033-A054-8C472BB89294}.Release|x86.ActiveCfg = Release|Any CPU
		{C283E3BE-B185-4033-A054-8C472BB89294}.Release|x86.Build.0 = Release|Any CPU
		{2D21CACC-AD8B-45A7-B669-4245D84BF69B}.Debug|Any CPU.ActiveCfg = Debug|Any CPU
		{2D21CACC-AD8B-45A7-B669-4245D84BF69B}.Debug|Any CPU.Build.0 = Debug|Any CPU
		{2D21CACC-AD8B-45A7-B669-4245D84BF69B}.Debug|x64.ActiveCfg = Debug|Any CPU
		{2D21CACC-AD8B-45A7-B669-4245D84BF69B}.Debug|x64.Build.0 = Debug|Any CPU
		{2D21CACC-AD8B-45A7-B669-4245D84BF69B}.Debug|x86.ActiveCfg = Debug|Any CPU
		{2D21CACC-AD8B-45A7-B669-4245D84BF69B}.Debug|x86.Build.0 = Debug|Any CPU
		{2D21CACC-AD8B-45A7-B669-4245D84BF69B}.Release|Any CPU.ActiveCfg = Release|Any CPU
		{2D21CACC-AD8B-45A7-B669-4245D84BF69B}.Release|Any CPU.Build.0 = Release|Any CPU
		{2D21CACC-AD8B-45A7-B669-4245D84BF69B}.Release|x64.ActiveCfg = Release|Any CPU
		{2D21CACC-AD8B-45A7-B669-4245D84BF69B}.Release|x64.Build.0 = Release|Any CPU
		{2D21CACC-AD8B-45A7-B669-4245D84BF69B}.Release|x86.ActiveCfg = Release|Any CPU
		{2D21CACC-AD8B-45A7-B669-4245D84BF69B}.Release|x86.Build.0 = Release|Any CPU
		{2A315767-F798-48E2-BA21-BEBAA53A0464}.Debug|Any CPU.ActiveCfg = Debug|Any CPU
		{2A315767-F798-48E2-BA21-BEBAA53A0464}.Debug|Any CPU.Build.0 = Debug|Any CPU
		{2A315767-F798-48E2-BA21-BEBAA53A0464}.Debug|x64.ActiveCfg = Debug|Any CPU
		{2A315767-F798-48E2-BA21-BEBAA53A0464}.Debug|x64.Build.0 = Debug|Any CPU
		{2A315767-F798-48E2-BA21-BEBAA53A0464}.Debug|x86.ActiveCfg = Debug|Any CPU
		{2A315767-F798-48E2-BA21-BEBAA53A0464}.Debug|x86.Build.0 = Debug|Any CPU
		{2A315767-F798-48E2-BA21-BEBAA53A0464}.Release|Any CPU.ActiveCfg = Release|Any CPU
		{2A315767-F798-48E2-BA21-BEBAA53A0464}.Release|Any CPU.Build.0 = Release|Any CPU
		{2A315767-F798-48E2-BA21-BEBAA53A0464}.Release|x64.ActiveCfg = Release|Any CPU
		{2A315767-F798-48E2-BA21-BEBAA53A0464}.Release|x64.Build.0 = Release|Any CPU
		{2A315767-F798-48E2-BA21-BEBAA53A0464}.Release|x86.ActiveCfg = Release|Any CPU
		{2A315767-F798-48E2-BA21-BEBAA53A0464}.Release|x86.Build.0 = Release|Any CPU
		{2318B4A5-DFE9-48E3-89E2-5FCA9DBD149F}.Debug|Any CPU.ActiveCfg = Debug|Any CPU
		{2318B4A5-DFE9-48E3-89E2-5FCA9DBD149F}.Debug|Any CPU.Build.0 = Debug|Any CPU
		{2318B4A5-DFE9-48E3-89E2-5FCA9DBD149F}.Debug|x64.ActiveCfg = Debug|Any CPU
		{2318B4A5-DFE9-48E3-89E2-5FCA9DBD149F}.Debug|x64.Build.0 = Debug|Any CPU
		{2318B4A5-DFE9-48E3-89E2-5FCA9DBD149F}.Debug|x86.ActiveCfg = Debug|Any CPU
		{2318B4A5-DFE9-48E3-89E2-5FCA9DBD149F}.Debug|x86.Build.0 = Debug|Any CPU
		{2318B4A5-DFE9-48E3-89E2-5FCA9DBD149F}.Release|Any CPU.ActiveCfg = Release|Any CPU
		{2318B4A5-DFE9-48E3-89E2-5FCA9DBD149F}.Release|Any CPU.Build.0 = Release|Any CPU
		{2318B4A5-DFE9-48E3-89E2-5FCA9DBD149F}.Release|x64.ActiveCfg = Release|Any CPU
		{2318B4A5-DFE9-48E3-89E2-5FCA9DBD149F}.Release|x64.Build.0 = Release|Any CPU
		{2318B4A5-DFE9-48E3-89E2-5FCA9DBD149F}.Release|x86.ActiveCfg = Release|Any CPU
		{2318B4A5-DFE9-48E3-89E2-5FCA9DBD149F}.Release|x86.Build.0 = Release|Any CPU
		{92C9EFEF-7A9E-42B1-B38B-065A65BF7871}.Debug|Any CPU.ActiveCfg = Debug|Any CPU
		{92C9EFEF-7A9E-42B1-B38B-065A65BF7871}.Debug|Any CPU.Build.0 = Debug|Any CPU
		{92C9EFEF-7A9E-42B1-B38B-065A65BF7871}.Debug|x64.ActiveCfg = Debug|Any CPU
		{92C9EFEF-7A9E-42B1-B38B-065A65BF7871}.Debug|x64.Build.0 = Debug|Any CPU
		{92C9EFEF-7A9E-42B1-B38B-065A65BF7871}.Debug|x86.ActiveCfg = Debug|Any CPU
		{92C9EFEF-7A9E-42B1-B38B-065A65BF7871}.Debug|x86.Build.0 = Debug|Any CPU
		{92C9EFEF-7A9E-42B1-B38B-065A65BF7871}.Release|Any CPU.ActiveCfg = Release|Any CPU
		{92C9EFEF-7A9E-42B1-B38B-065A65BF7871}.Release|Any CPU.Build.0 = Release|Any CPU
		{92C9EFEF-7A9E-42B1-B38B-065A65BF7871}.Release|x64.ActiveCfg = Release|Any CPU
		{92C9EFEF-7A9E-42B1-B38B-065A65BF7871}.Release|x64.Build.0 = Release|Any CPU
		{92C9EFEF-7A9E-42B1-B38B-065A65BF7871}.Release|x86.ActiveCfg = Release|Any CPU
		{92C9EFEF-7A9E-42B1-B38B-065A65BF7871}.Release|x86.Build.0 = Release|Any CPU
		{884672E7-13A4-4390-A0C4-5A47C929C806}.Debug|Any CPU.ActiveCfg = Debug|Any CPU
		{884672E7-13A4-4390-A0C4-5A47C929C806}.Debug|Any CPU.Build.0 = Debug|Any CPU
		{884672E7-13A4-4390-A0C4-5A47C929C806}.Debug|x64.ActiveCfg = Debug|Any CPU
		{884672E7-13A4-4390-A0C4-5A47C929C806}.Debug|x64.Build.0 = Debug|Any CPU
		{884672E7-13A4-4390-A0C4-5A47C929C806}.Debug|x86.ActiveCfg = Debug|Any CPU
		{884672E7-13A4-4390-A0C4-5A47C929C806}.Debug|x86.Build.0 = Debug|Any CPU
		{884672E7-13A4-4390-A0C4-5A47C929C806}.Release|Any CPU.ActiveCfg = Release|Any CPU
		{884672E7-13A4-4390-A0C4-5A47C929C806}.Release|Any CPU.Build.0 = Release|Any CPU
		{884672E7-13A4-4390-A0C4-5A47C929C806}.Release|x64.ActiveCfg = Release|Any CPU
		{884672E7-13A4-4390-A0C4-5A47C929C806}.Release|x64.Build.0 = Release|Any CPU
		{884672E7-13A4-4390-A0C4-5A47C929C806}.Release|x86.ActiveCfg = Release|Any CPU
		{884672E7-13A4-4390-A0C4-5A47C929C806}.Release|x86.Build.0 = Release|Any CPU
		{114A4438-C6A5-41C6-99B1-00884BB03426}.Debug|Any CPU.ActiveCfg = Debug|Any CPU
		{114A4438-C6A5-41C6-99B1-00884BB03426}.Debug|Any CPU.Build.0 = Debug|Any CPU
		{114A4438-C6A5-41C6-99B1-00884BB03426}.Debug|x64.ActiveCfg = Debug|Any CPU
		{114A4438-C6A5-41C6-99B1-00884BB03426}.Debug|x64.Build.0 = Debug|Any CPU
		{114A4438-C6A5-41C6-99B1-00884BB03426}.Debug|x86.ActiveCfg = Debug|Any CPU
		{114A4438-C6A5-41C6-99B1-00884BB03426}.Debug|x86.Build.0 = Debug|Any CPU
		{114A4438-C6A5-41C6-99B1-00884BB03426}.Release|Any CPU.ActiveCfg = Release|Any CPU
		{114A4438-C6A5-41C6-99B1-00884BB03426}.Release|Any CPU.Build.0 = Release|Any CPU
		{114A4438-C6A5-41C6-99B1-00884BB03426}.Release|x64.ActiveCfg = Release|Any CPU
		{114A4438-C6A5-41C6-99B1-00884BB03426}.Release|x64.Build.0 = Release|Any CPU
		{114A4438-C6A5-41C6-99B1-00884BB03426}.Release|x86.ActiveCfg = Release|Any CPU
		{114A4438-C6A5-41C6-99B1-00884BB03426}.Release|x86.Build.0 = Release|Any CPU
		{7A54F522-D9D9-45F4-87CA-F160B656DAD1}.Debug|Any CPU.ActiveCfg = Debug|Any CPU
		{7A54F522-D9D9-45F4-87CA-F160B656DAD1}.Debug|Any CPU.Build.0 = Debug|Any CPU
		{7A54F522-D9D9-45F4-87CA-F160B656DAD1}.Debug|x64.ActiveCfg = Debug|Any CPU
		{7A54F522-D9D9-45F4-87CA-F160B656DAD1}.Debug|x64.Build.0 = Debug|Any CPU
		{7A54F522-D9D9-45F4-87CA-F160B656DAD1}.Debug|x86.ActiveCfg = Debug|Any CPU
		{7A54F522-D9D9-45F4-87CA-F160B656DAD1}.Debug|x86.Build.0 = Debug|Any CPU
		{7A54F522-D9D9-45F4-87CA-F160B656DAD1}.Release|Any CPU.ActiveCfg = Release|Any CPU
		{7A54F522-D9D9-45F4-87CA-F160B656DAD1}.Release|Any CPU.Build.0 = Release|Any CPU
		{7A54F522-D9D9-45F4-87CA-F160B656DAD1}.Release|x64.ActiveCfg = Release|Any CPU
		{7A54F522-D9D9-45F4-87CA-F160B656DAD1}.Release|x64.Build.0 = Release|Any CPU
		{7A54F522-D9D9-45F4-87CA-F160B656DAD1}.Release|x86.ActiveCfg = Release|Any CPU
		{7A54F522-D9D9-45F4-87CA-F160B656DAD1}.Release|x86.Build.0 = Release|Any CPU
	EndGlobalSection
	GlobalSection(SolutionProperties) = preSolution
		HideSolutionNode = FALSE
	EndGlobalSection
	GlobalSection(ExtensibilityGlobals) = postSolution
		SolutionGuid = {CE5F03EE-76B3-4F20-BAB0-0B12A749B7F1}
	EndGlobalSection
EndGlobal
